
Microsoft Visual Studio Solution File, Format Version 12.00
# Visual Studio Version 16
VisualStudioVersion = 16.0.29509.3
MinimumVisualStudioVersion = 10.0.40219.1
Project("{9A19103F-16F7-4668-BE54-9A1E7A4F7556}") = "Web", "Web\Web.csproj", "{DC53CA0C-7EEF-4404-AF2D-0856EDDF99D5}"
EndProject
Global
	GlobalSection(SolutionConfigurationPlatforms) = preSolution
		Debug|Any CPU = Debug|Any CPU
		Release|Any CPU = Release|Any CPU
	EndGlobalSection
	GlobalSection(ProjectConfigurationPlatforms) = postSolution
		{DC53CA0C-7EEF-4404-AF2D-0856EDDF99D5}.Debug|Any CPU.ActiveCfg = Debug|Any CPU
		{DC53CA0C-7EEF-4404-AF2D-0856EDDF99D5}.Debug|Any CPU.Build.0 = Debug|Any CPU
		{DC53CA0C-7EEF-4404-AF2D-0856EDDF99D5}.Release|Any CPU.ActiveCfg = Release|Any CPU
		{DC53CA0C-7EEF-4404-AF2D-0856EDDF99D5}.Release|Any CPU.Build.0 = Release|Any CPU
	EndGlobalSection
	GlobalSection(SolutionProperties) = preSolution
		HideSolutionNode = FALSE
	EndGlobalSection
	GlobalSection(ExtensibilityGlobals) = postSolution
		SolutionGuid = {8485BFB5-DF11-481E-B734-8272D1316498}
	EndGlobalSection
EndGlobal
